// !$*UTF8*$!
{
	archiveVersion = 1;
	classes = {
	};
	objectVersion = 46;
	objects = {

/* Begin PBXBuildFile section */
		408BACD81CC5D6F900F9826F /* main.m in Sources */ = {isa = PBXBuildFile; fileRef = 408BACD71CC5D6F900F9826F /* main.m */; };
		408BACDB1CC5D6F900F9826F /* AppDelegate.m in Sources */ = {isa = PBXBuildFile; fileRef = 408BACDA1CC5D6F900F9826F /* AppDelegate.m */; };
		408BACDE1CC5D6F900F9826F /* ViewController.m in Sources */ = {isa = PBXBuildFile; fileRef = 408BACDD1CC5D6F900F9826F /* ViewController.m */; };
		408BACE11CC5D6F900F9826F /* Main.storyboard in Resources */ = {isa = PBXBuildFile; fileRef = 408BACDF1CC5D6F900F9826F /* Main.storyboard */; };
		408BACE31CC5D6F900F9826F /* Assets.xcassets in Resources */ = {isa = PBXBuildFile; fileRef = 408BACE21CC5D6F900F9826F /* Assets.xcassets */; };
		408BACE61CC5D6F900F9826F /* LaunchScreen.storyboard in Resources */ = {isa = PBXBuildFile; fileRef = 408BACE41CC5D6F900F9826F /* LaunchScreen.storyboard */; };
		408BACEF1CC5D73B00F9826F /* Person.m in Sources */ = {isa = PBXBuildFile; fileRef = 408BACEE1CC5D73B00F9826F /* Person.m */; };
		408BACF21CC601F600F9826F /* Person+Other.m in Sources */ = {isa = PBXBuildFile; fileRef = 408BACF11CC601F600F9826F /* Person+Other.m */; };
		40A35FD31D9B637B00140195 /* OrderModel.m in Sources */ = {isa = PBXBuildFile; fileRef = 40A35FBD1D9B637B00140195 /* OrderModel.m */; };
		40A35FD41D9B637B00140195 /* ThrowLineTool.m in Sources */ = {isa = PBXBuildFile; fileRef = 40A35FC01D9B637B00140195 /* ThrowLineTool.m */; };
		40A35FD51D9B637B00140195 /* ViewModel.m in Sources */ = {isa = PBXBuildFile; fileRef = 40A35FC31D9B637B00140195 /* ViewModel.m */; };
		40A35FD61D9B637B00140195 /* BadgeView.m in Sources */ = {isa = PBXBuildFile; fileRef = 40A35FC61D9B637B00140195 /* BadgeView.m */; };
		40A35FD71D9B637B00140195 /* GoodslistCell.m in Sources */ = {isa = PBXBuildFile; fileRef = 40A35FC81D9B637B00140195 /* GoodslistCell.m */; };
		40A35FD81D9B637B00140195 /* GoodslistCell.xib in Resources */ = {isa = PBXBuildFile; fileRef = 40A35FC91D9B637B00140195 /* GoodslistCell.xib */; };
		40A35FD91D9B637B00140195 /* GoodsListView.m in Sources */ = {isa = PBXBuildFile; fileRef = 40A35FCB1D9B637B00140195 /* GoodsListView.m */; };
		40A35FDA1D9B637B00140195 /* MainTableViewCell.m in Sources */ = {isa = PBXBuildFile; fileRef = 40A35FCD1D9B637B00140195 /* MainTableViewCell.m */; };
		40A35FDB1D9B637B00140195 /* MainTableViewCell.xib in Resources */ = {isa = PBXBuildFile; fileRef = 40A35FCE1D9B637B00140195 /* MainTableViewCell.xib */; };
		40A35FDC1D9B637B00140195 /* OverlayView.m in Sources */ = {isa = PBXBuildFile; fileRef = 40A35FD01D9B637B00140195 /* OverlayView.m */; };
		40A35FDD1D9B637B00140195 /* ShoppingCartView.m in Sources */ = {isa = PBXBuildFile; fileRef = 40A35FD21D9B637B00140195 /* ShoppingCartView.m */; };
		40AE11211CC6163700DD09D1 /* UIControl+ZLTBlock.m in Sources */ = {isa = PBXBuildFile; fileRef = 40AE11201CC6163700DD09D1 /* UIControl+ZLTBlock.m */; };
		40D1C9F71D2B41A500B4AE47 /* SuperViewController.m in Sources */ = {isa = PBXBuildFile; fileRef = 40D1C9F61D2B41A500B4AE47 /* SuperViewController.m */; };
		40D1C9FA1D377F5E00B4AE47 /* MyTableViewCell.m in Sources */ = {isa = PBXBuildFile; fileRef = 40D1C9F91D377F5E00B4AE47 /* MyTableViewCell.m */; };
		40F7ED2A1F2F2A6400A4778C /* SwiftText.swift in Sources */ = {isa = PBXBuildFile; fileRef = 40F7ED291F2F2A6400A4778C /* SwiftText.swift */; };
		40FC42571CF7F289003402B1 /* 椭圆-1.png in Resources */ = {isa = PBXBuildFile; fileRef = 40FC42561CF7F289003402B1 /* 椭圆-1.png */; };
		40FC42591CF7F32A003402B1 /* 矩形-1.png in Resources */ = {isa = PBXBuildFile; fileRef = 40FC42581CF7F32A003402B1 /* 矩形-1.png */; };
/* End PBXBuildFile section */

/* Begin PBXFileReference section */
		408BACD31CC5D6F900F9826F /* RunTime.app */ = {isa = PBXFileReference; explicitFileType = wrapper.application; includeInIndex = 0; path = RunTime.app; sourceTree = BUILT_PRODUCTS_DIR; };
		408BACD71CC5D6F900F9826F /* main.m */ = {isa = PBXFileReference; lastKnownFileType = sourcecode.c.objc; path = main.m; sourceTree = "<group>"; };
		408BACD91CC5D6F900F9826F /* AppDelegate.h */ = {isa = PBXFileReference; lastKnownFileType = sourcecode.c.h; path = AppDelegate.h; sourceTree = "<group>"; };
		408BACDA1CC5D6F900F9826F /* AppDelegate.m */ = {isa = PBXFileReference; lastKnownFileType = sourcecode.c.objc; path = AppDelegate.m; sourceTree = "<group>"; };
		408BACDC1CC5D6F900F9826F /* ViewController.h */ = {isa = PBXFileReference; lastKnownFileType = sourcecode.c.h; path = ViewController.h; sourceTree = "<group>"; };
		408BACDD1CC5D6F900F9826F /* ViewController.m */ = {isa = PBXFileReference; lastKnownFileType = sourcecode.c.objc; path = ViewController.m; sourceTree = "<group>"; };
		408BACE01CC5D6F900F9826F /* Base */ = {isa = PBXFileReference; lastKnownFileType = file.storyboard; name = Base; path = Base.lproj/Main.storyboard; sourceTree = "<group>"; };
		408BACE21CC5D6F900F9826F /* Assets.xcassets */ = {isa = PBXFileReference; lastKnownFileType = folder.assetcatalog; path = Assets.xcassets; sourceTree = "<group>"; };
		408BACE51CC5D6F900F9826F /* Base */ = {isa = PBXFileReference; lastKnownFileType = file.storyboard; name = Base; path = Base.lproj/LaunchScreen.storyboard; sourceTree = "<group>"; };
		408BACE71CC5D6F900F9826F /* Info.plist */ = {isa = PBXFileReference; lastKnownFileType = text.plist.xml; path = Info.plist; sourceTree = "<group>"; };
		408BACED1CC5D73B00F9826F /* Person.h */ = {isa = PBXFileReference; fileEncoding = 4; lastKnownFileType = sourcecode.c.h; path = Person.h; sourceTree = "<group>"; };
		408BACEE1CC5D73B00F9826F /* Person.m */ = {isa = PBXFileReference; fileEncoding = 4; lastKnownFileType = sourcecode.c.objc; path = Person.m; sourceTree = "<group>"; };
		408BACF01CC601F600F9826F /* Person+Other.h */ = {isa = PBXFileReference; fileEncoding = 4; lastKnownFileType = sourcecode.c.h; path = "Person+Other.h"; sourceTree = "<group>"; };
		408BACF11CC601F600F9826F /* Person+Other.m */ = {isa = PBXFileReference; fileEncoding = 4; lastKnownFileType = sourcecode.c.objc; path = "Person+Other.m"; sourceTree = "<group>"; };
		40A35FBC1D9B637B00140195 /* OrderModel.h */ = {isa = PBXFileReference; fileEncoding = 4; lastKnownFileType = sourcecode.c.h; path = OrderModel.h; sourceTree = "<group>"; };
		40A35FBD1D9B637B00140195 /* OrderModel.m */ = {isa = PBXFileReference; fileEncoding = 4; lastKnownFileType = sourcecode.c.objc; path = OrderModel.m; sourceTree = "<group>"; };
		40A35FBF1D9B637B00140195 /* ThrowLineTool.h */ = {isa = PBXFileReference; fileEncoding = 4; lastKnownFileType = sourcecode.c.h; path = ThrowLineTool.h; sourceTree = "<group>"; };
		40A35FC01D9B637B00140195 /* ThrowLineTool.m */ = {isa = PBXFileReference; fileEncoding = 4; lastKnownFileType = sourcecode.c.objc; path = ThrowLineTool.m; sourceTree = "<group>"; };
		40A35FC21D9B637B00140195 /* ViewModel.h */ = {isa = PBXFileReference; fileEncoding = 4; lastKnownFileType = sourcecode.c.h; path = ViewModel.h; sourceTree = "<group>"; };
		40A35FC31D9B637B00140195 /* ViewModel.m */ = {isa = PBXFileReference; fileEncoding = 4; lastKnownFileType = sourcecode.c.objc; path = ViewModel.m; sourceTree = "<group>"; };
		40A35FC51D9B637B00140195 /* BadgeView.h */ = {isa = PBXFileReference; fileEncoding = 4; lastKnownFileType = sourcecode.c.h; path = BadgeView.h; sourceTree = "<group>"; };
		40A35FC61D9B637B00140195 /* BadgeView.m */ = {isa = PBXFileReference; fileEncoding = 4; lastKnownFileType = sourcecode.c.objc; path = BadgeView.m; sourceTree = "<group>"; };
		40A35FC71D9B637B00140195 /* GoodslistCell.h */ = {isa = PBXFileReference; fileEncoding = 4; lastKnownFileType = sourcecode.c.h; path = GoodslistCell.h; sourceTree = "<group>"; };
		40A35FC81D9B637B00140195 /* GoodslistCell.m */ = {isa = PBXFileReference; fileEncoding = 4; lastKnownFileType = sourcecode.c.objc; path = GoodslistCell.m; sourceTree = "<group>"; };
		40A35FC91D9B637B00140195 /* GoodslistCell.xib */ = {isa = PBXFileReference; fileEncoding = 4; lastKnownFileType = file.xib; path = GoodslistCell.xib; sourceTree = "<group>"; };
		40A35FCA1D9B637B00140195 /* GoodsListView.h */ = {isa = PBXFileReference; fileEncoding = 4; lastKnownFileType = sourcecode.c.h; path = GoodsListView.h; sourceTree = "<group>"; };
		40A35FCB1D9B637B00140195 /* GoodsListView.m */ = {isa = PBXFileReference; fileEncoding = 4; lastKnownFileType = sourcecode.c.objc; path = GoodsListView.m; sourceTree = "<group>"; };
		40A35FCC1D9B637B00140195 /* MainTableViewCell.h */ = {isa = PBXFileReference; fileEncoding = 4; lastKnownFileType = sourcecode.c.h; path = MainTableViewCell.h; sourceTree = "<group>"; };
		40A35FCD1D9B637B00140195 /* MainTableViewCell.m */ = {isa = PBXFileReference; fileEncoding = 4; lastKnownFileType = sourcecode.c.objc; path = MainTableViewCell.m; sourceTree = "<group>"; };
		40A35FCE1D9B637B00140195 /* MainTableViewCell.xib */ = {isa = PBXFileReference; fileEncoding = 4; lastKnownFileType = file.xib; path = MainTableViewCell.xib; sourceTree = "<group>"; };
		40A35FCF1D9B637B00140195 /* OverlayView.h */ = {isa = PBXFileReference; fileEncoding = 4; lastKnownFileType = sourcecode.c.h; path = OverlayView.h; sourceTree = "<group>"; };
		40A35FD01D9B637B00140195 /* OverlayView.m */ = {isa = PBXFileReference; fileEncoding = 4; lastKnownFileType = sourcecode.c.objc; path = OverlayView.m; sourceTree = "<group>"; };
		40A35FD11D9B637B00140195 /* ShoppingCartView.h */ = {isa = PBXFileReference; fileEncoding = 4; lastKnownFileType = sourcecode.c.h; path = ShoppingCartView.h; sourceTree = "<group>"; };
		40A35FD21D9B637B00140195 /* ShoppingCartView.m */ = {isa = PBXFileReference; fileEncoding = 4; lastKnownFileType = sourcecode.c.objc; path = ShoppingCartView.m; sourceTree = "<group>"; };
		40AE111F1CC6163700DD09D1 /* UIControl+ZLTBlock.h */ = {isa = PBXFileReference; fileEncoding = 4; lastKnownFileType = sourcecode.c.h; path = "UIControl+ZLTBlock.h"; sourceTree = "<group>"; };
		40AE11201CC6163700DD09D1 /* UIControl+ZLTBlock.m */ = {isa = PBXFileReference; fileEncoding = 4; lastKnownFileType = sourcecode.c.objc; path = "UIControl+ZLTBlock.m"; sourceTree = "<group>"; };
		40D1C9F51D2B41A500B4AE47 /* SuperViewController.h */ = {isa = PBXFileReference; fileEncoding = 4; lastKnownFileType = sourcecode.c.h; path = SuperViewController.h; sourceTree = "<group>"; };
		40D1C9F61D2B41A500B4AE47 /* SuperViewController.m */ = {isa = PBXFileReference; fileEncoding = 4; lastKnownFileType = sourcecode.c.objc; path = SuperViewController.m; sourceTree = "<group>"; };
		40D1C9F81D377F5E00B4AE47 /* MyTableViewCell.h */ = {isa = PBXFileReference; fileEncoding = 4; lastKnownFileType = sourcecode.c.h; path = MyTableViewCell.h; sourceTree = "<group>"; };
		40D1C9F91D377F5E00B4AE47 /* MyTableViewCell.m */ = {isa = PBXFileReference; fileEncoding = 4; lastKnownFileType = sourcecode.c.objc; path = MyTableViewCell.m; sourceTree = "<group>"; };
		40F7ED281F2F2A6400A4778C /* RunTime-Bridging-Header.h */ = {isa = PBXFileReference; lastKnownFileType = sourcecode.c.h; path = "RunTime-Bridging-Header.h"; sourceTree = "<group>"; };
		40F7ED291F2F2A6400A4778C /* SwiftText.swift */ = {isa = PBXFileReference; fileEncoding = 4; lastKnownFileType = sourcecode.swift; path = SwiftText.swift; sourceTree = "<group>"; };
		40FC42561CF7F289003402B1 /* 椭圆-1.png */ = {isa = PBXFileReference; lastKnownFileType = image.png; path = "椭圆-1.png"; sourceTree = "<group>"; };
		40FC42581CF7F32A003402B1 /* 矩形-1.png */ = {isa = PBXFileReference; lastKnownFileType = image.png; path = "矩形-1.png"; sourceTree = "<group>"; };
/* End PBXFileReference section */

/* Begin PBXFrameworksBuildPhase section */
		408BACD01CC5D6F900F9826F /* Frameworks */ = {
			isa = PBXFrameworksBuildPhase;
			buildActionMask = 2147483647;
			files = (
			);
			runOnlyForDeploymentPostprocessing = 0;
		};
/* End PBXFrameworksBuildPhase section */

/* Begin PBXGroup section */
		408BACCA1CC5D6F900F9826F = {
			isa = PBXGroup;
			children = (
				408BACD51CC5D6F900F9826F /* RunTime */,
				408BACD41CC5D6F900F9826F /* Products */,
			);
			sourceTree = "<group>";
		};
		408BACD41CC5D6F900F9826F /* Products */ = {
			isa = PBXGroup;
			children = (
				408BACD31CC5D6F900F9826F /* RunTime.app */,
			);
			name = Products;
			sourceTree = "<group>";
		};
		408BACD51CC5D6F900F9826F /* RunTime */ = {
			isa = PBXGroup;
			children = (
				40A35FBB1D9B637B00140195 /* Models */,
				40A35FBE1D9B637B00140195 /* tools */,
				40A35FC11D9B637B00140195 /* ViewModel */,
				40A35FC41D9B637B00140195 /* Views */,
				40FC42581CF7F32A003402B1 /* 矩形-1.png */,
				40FC42561CF7F289003402B1 /* 椭圆-1.png */,
				408BACD91CC5D6F900F9826F /* AppDelegate.h */,
				408BACDA1CC5D6F900F9826F /* AppDelegate.m */,
				408BACDC1CC5D6F900F9826F /* ViewController.h */,
				408BACDD1CC5D6F900F9826F /* ViewController.m */,
				408BACDF1CC5D6F900F9826F /* Main.storyboard */,
				408BACED1CC5D73B00F9826F /* Person.h */,
				408BACEE1CC5D73B00F9826F /* Person.m */,
				408BACF01CC601F600F9826F /* Person+Other.h */,
				408BACF11CC601F600F9826F /* Person+Other.m */,
				40AE111F1CC6163700DD09D1 /* UIControl+ZLTBlock.h */,
				40AE11201CC6163700DD09D1 /* UIControl+ZLTBlock.m */,
				40D1C9F51D2B41A500B4AE47 /* SuperViewController.h */,
				40D1C9F61D2B41A500B4AE47 /* SuperViewController.m */,
				40D1C9F81D377F5E00B4AE47 /* MyTableViewCell.h */,
				40D1C9F91D377F5E00B4AE47 /* MyTableViewCell.m */,
				408BACE21CC5D6F900F9826F /* Assets.xcassets */,
				408BACE41CC5D6F900F9826F /* LaunchScreen.storyboard */,
				408BACE71CC5D6F900F9826F /* Info.plist */,
				408BACD61CC5D6F900F9826F /* Supporting Files */,
			);
			path = RunTime;
			sourceTree = "<group>";
		};
		408BACD61CC5D6F900F9826F /* Supporting Files */ = {
			isa = PBXGroup;
			children = (
				408BACD71CC5D6F900F9826F /* main.m */,
			);
			name = "Supporting Files";
			sourceTree = "<group>";
		};
		40A35FBB1D9B637B00140195 /* Models */ = {
			isa = PBXGroup;
			children = (
				40A35FBC1D9B637B00140195 /* OrderModel.h */,
				40A35FBD1D9B637B00140195 /* OrderModel.m */,
			);
			path = Models;
			sourceTree = "<group>";
		};
		40A35FBE1D9B637B00140195 /* tools */ = {
			isa = PBXGroup;
			children = (
				40A35FBF1D9B637B00140195 /* ThrowLineTool.h */,
				40A35FC01D9B637B00140195 /* ThrowLineTool.m */,
			);
			path = tools;
			sourceTree = "<group>";
		};
		40A35FC11D9B637B00140195 /* ViewModel */ = {
			isa = PBXGroup;
			children = (
				40A35FC21D9B637B00140195 /* ViewModel.h */,
				40A35FC31D9B637B00140195 /* ViewModel.m */,
			);
			path = ViewModel;
			sourceTree = "<group>";
		};
		40A35FC41D9B637B00140195 /* Views */ = {
			isa = PBXGroup;
			children = (
				40A35FC51D9B637B00140195 /* BadgeView.h */,
				40A35FC61D9B637B00140195 /* BadgeView.m */,
				40A35FC71D9B637B00140195 /* GoodslistCell.h */,
				40A35FC81D9B637B00140195 /* GoodslistCell.m */,
				40A35FC91D9B637B00140195 /* GoodslistCell.xib */,
				40A35FCA1D9B637B00140195 /* GoodsListView.h */,
				40A35FCB1D9B637B00140195 /* GoodsListView.m */,
				40A35FCC1D9B637B00140195 /* MainTableViewCell.h */,
				40A35FCD1D9B637B00140195 /* MainTableViewCell.m */,
				40A35FCE1D9B637B00140195 /* MainTableViewCell.xib */,
				40A35FCF1D9B637B00140195 /* OverlayView.h */,
				40A35FD01D9B637B00140195 /* OverlayView.m */,
				40A35FD11D9B637B00140195 /* ShoppingCartView.h */,
				40A35FD21D9B637B00140195 /* ShoppingCartView.m */,
				40F7ED291F2F2A6400A4778C /* SwiftText.swift */,
				40F7ED281F2F2A6400A4778C /* RunTime-Bridging-Header.h */,
			);
			path = Views;
			sourceTree = "<group>";
		};
/* End PBXGroup section */

/* Begin PBXNativeTarget section */
		408BACD21CC5D6F900F9826F /* RunTime */ = {
			isa = PBXNativeTarget;
			buildConfigurationList = 408BACEA1CC5D6F900F9826F /* Build configuration list for PBXNativeTarget "RunTime" */;
			buildPhases = (
				408BACCF1CC5D6F900F9826F /* Sources */,
				408BACD01CC5D6F900F9826F /* Frameworks */,
				408BACD11CC5D6F900F9826F /* Resources */,
			);
			buildRules = (
			);
			dependencies = (
			);
			name = RunTime;
			productName = RunTime;
			productReference = 408BACD31CC5D6F900F9826F /* RunTime.app */;
			productType = "com.apple.product-type.application";
		};
/* End PBXNativeTarget section */

/* Begin PBXProject section */
		408BACCB1CC5D6F900F9826F /* Project object */ = {
			isa = PBXProject;
			attributes = {
				LastUpgradeCheck = 0730;
				ORGANIZATIONNAME = "南京";
				TargetAttributes = {
					408BACD21CC5D6F900F9826F = {
						CreatedOnToolsVersion = 7.3;
					};
				};
			};
			buildConfigurationList = 408BACCE1CC5D6F900F9826F /* Build configuration list for PBXProject "RunTime" */;
			compatibilityVersion = "Xcode 3.2";
			developmentRegion = English;
			hasScannedForEncodings = 0;
			knownRegions = (
				en,
				Base,
			);
			mainGroup = 408BACCA1CC5D6F900F9826F;
			productRefGroup = 408BACD41CC5D6F900F9826F /* Products */;
			projectDirPath = "";
			projectRoot = "";
			targets = (
				408BACD21CC5D6F900F9826F /* RunTime */,
			);
		};
/* End PBXProject section */

/* Begin PBXResourcesBuildPhase section */
		408BACD11CC5D6F900F9826F /* Resources */ = {
			isa = PBXResourcesBuildPhase;
			buildActionMask = 2147483647;
			files = (
				40FC42591CF7F32A003402B1 /* 矩形-1.png in Resources */,
				40FC42571CF7F289003402B1 /* 椭圆-1.png in Resources */,
				40A35FD81D9B637B00140195 /* GoodslistCell.xib in Resources */,
				408BACE61CC5D6F900F9826F /* LaunchScreen.storyboard in Resources */,
				40A35FDB1D9B637B00140195 /* MainTableViewCell.xib in Resources */,
				408BACE31CC5D6F900F9826F /* Assets.xcassets in Resources */,
				408BACE11CC5D6F900F9826F /* Main.storyboard in Resources */,
			);
			runOnlyForDeploymentPostprocessing = 0;
		};
/* End PBXResourcesBuildPhase section */

/* Begin PBXSourcesBuildPhase section */
		408BACCF1CC5D6F900F9826F /* Sources */ = {
			isa = PBXSourcesBuildPhase;
			buildActionMask = 2147483647;
			files = (
				40A35FD41D9B637B00140195 /* ThrowLineTool.m in Sources */,
				40D1C9F71D2B41A500B4AE47 /* SuperViewController.m in Sources */,
				40F7ED2A1F2F2A6400A4778C /* SwiftText.swift in Sources */,
				40AE11211CC6163700DD09D1 /* UIControl+ZLTBlock.m in Sources */,
				408BACDE1CC5D6F900F9826F /* ViewController.m in Sources */,
				40A35FDD1D9B637B00140195 /* ShoppingCartView.m in Sources */,
				40A35FD71D9B637B00140195 /* GoodslistCell.m in Sources */,
				40A35FDC1D9B637B00140195 /* OverlayView.m in Sources */,
				40A35FD91D9B637B00140195 /* GoodsListView.m in Sources */,
				40A35FD61D9B637B00140195 /* BadgeView.m in Sources */,
				408BACDB1CC5D6F900F9826F /* AppDelegate.m in Sources */,
				40A35FD51D9B637B00140195 /* ViewModel.m in Sources */,
				40A35FDA1D9B637B00140195 /* MainTableViewCell.m in Sources */,
				408BACEF1CC5D73B00F9826F /* Person.m in Sources */,
				40A35FD31D9B637B00140195 /* OrderModel.m in Sources */,
				40D1C9FA1D377F5E00B4AE47 /* MyTableViewCell.m in Sources */,
				408BACF21CC601F600F9826F /* Person+Other.m in Sources */,
				408BACD81CC5D6F900F9826F /* main.m in Sources */,
			);
			runOnlyForDeploymentPostprocessing = 0;
		};
/* End PBXSourcesBuildPhase section */

/* Begin PBXVariantGroup section */
		408BACDF1CC5D6F900F9826F /* Main.storyboard */ = {
			isa = PBXVariantGroup;
			children = (
				408BACE01CC5D6F900F9826F /* Base */,
			);
			name = Main.storyboard;
			sourceTree = "<group>";
		};
		408BACE41CC5D6F900F9826F /* LaunchScreen.storyboard */ = {
			isa = PBXVariantGroup;
			children = (
				408BACE51CC5D6F900F9826F /* Base */,
			);
			name = LaunchScreen.storyboard;
			sourceTree = "<group>";
		};
/* End PBXVariantGroup section */

/* Begin XCBuildConfiguration section */
		408BACE81CC5D6F900F9826F /* Debug */ = {
			isa = XCBuildConfiguration;
			buildSettings = {
				ALWAYS_SEARCH_USER_PATHS = NO;
				CLANG_ANALYZER_NONNULL = YES;
				CLANG_CXX_LANGUAGE_STANDARD = "gnu++0x";
				CLANG_CXX_LIBRARY = "libc++";
				CLANG_ENABLE_MODULES = YES;
				CLANG_ENABLE_OBJC_ARC = YES;
				CLANG_WARN_BOOL_CONVERSION = YES;
				CLANG_WARN_CONSTANT_CONVERSION = YES;
				CLANG_WARN_DIRECT_OBJC_ISA_USAGE = YES_ERROR;
				CLANG_WARN_EMPTY_BODY = YES;
				CLANG_WARN_ENUM_CONVERSION = YES;
				CLANG_WARN_INT_CONVERSION = YES;
				CLANG_WARN_OBJC_ROOT_CLASS = YES_ERROR;
				CLANG_WARN_UNREACHABLE_CODE = YES;
				CLANG_WARN__DUPLICATE_METHOD_MATCH = YES;
				"CODE_SIGN_IDENTITY[sdk=iphoneos*]" = "iPhone Developer";
				COPY_PHASE_STRIP = NO;
				DEBUG_INFORMATION_FORMAT = dwarf;
				ENABLE_STRICT_OBJC_MSGSEND = YES;
				ENABLE_TESTABILITY = YES;
				GCC_C_LANGUAGE_STANDARD = gnu99;
				GCC_DYNAMIC_NO_PIC = NO;
				GCC_NO_COMMON_BLOCKS = YES;
				GCC_OPTIMIZATION_LEVEL = 0;
				GCC_PREPROCESSOR_DEFINITIONS = (
					"DEBUG=1",
					"$(inherited)",
				);
				GCC_WARN_64_TO_32_BIT_CONVERSION = YES;
				GCC_WARN_ABOUT_RETURN_TYPE = YES_ERROR;
				GCC_WARN_UNDECLARED_SELECTOR = YES;
				GCC_WARN_UNINITIALIZED_AUTOS = YES_AGGRESSIVE;
				GCC_WARN_UNUSED_FUNCTION = YES;
				GCC_WARN_UNUSED_VARIABLE = YES;
				IPHONEOS_DEPLOYMENT_TARGET = 9.3;
				MTL_ENABLE_DEBUG_INFO = YES;
				ONLY_ACTIVE_ARCH = YES;
				SDKROOT = iphoneos;
			};
			name = Debug;
		};
		408BACE91CC5D6F900F9826F /* Release */ = {
			isa = XCBuildConfiguration;
			buildSettings = {
				ALWAYS_SEARCH_USER_PATHS = NO;
				CLANG_ANALYZER_NONNULL = YES;
				CLANG_CXX_LANGUAGE_STANDARD = "gnu++0x";
				CLANG_CXX_LIBRARY = "libc++";
				CLANG_ENABLE_MODULES = YES;
				CLANG_ENABLE_OBJC_ARC = YES;
				CLANG_WARN_BOOL_CONVERSION = YES;
				CLANG_WARN_CONSTANT_CONVERSION = YES;
				CLANG_WARN_DIRECT_OBJC_ISA_USAGE = YES_ERROR;
				CLANG_WARN_EMPTY_BODY = YES;
				CLANG_WARN_ENUM_CONVERSION = YES;
				CLANG_WARN_INT_CONVERSION = YES;
				CLANG_WARN_OBJC_ROOT_CLASS = YES_ERROR;
				CLANG_WARN_UNREACHABLE_CODE = YES;
				CLANG_WARN__DUPLICATE_METHOD_MATCH = YES;
				"CODE_SIGN_IDENTITY[sdk=iphoneos*]" = "iPhone Developer";
				COPY_PHASE_STRIP = NO;
				DEBUG_INFORMATION_FORMAT = "dwarf-with-dsym";
				ENABLE_NS_ASSERTIONS = NO;
				ENABLE_STRICT_OBJC_MSGSEND = YES;
				GCC_C_LANGUAGE_STANDARD = gnu99;
				GCC_NO_COMMON_BLOCKS = YES;
				GCC_WARN_64_TO_32_BIT_CONVERSION = YES;
				GCC_WARN_ABOUT_RETURN_TYPE = YES_ERROR;
				GCC_WARN_UNDECLARED_SELECTOR = YES;
				GCC_WARN_UNINITIALIZED_AUTOS = YES_AGGRESSIVE;
				GCC_WARN_UNUSED_FUNCTION = YES;
				GCC_WARN_UNUSED_VARIABLE = YES;
				IPHONEOS_DEPLOYMENT_TARGET = 9.3;
				MTL_ENABLE_DEBUG_INFO = NO;
				SDKROOT = iphoneos;
				VALIDATE_PRODUCT = YES;
			};
			name = Release;
		};
		408BACEB1CC5D6F900F9826F /* Debug */ = {
			isa = XCBuildConfiguration;
			buildSettings = {
				ASSETCATALOG_COMPILER_APPICON_NAME = AppIcon;
				CLANG_ENABLE_MODULES = YES;
				INFOPLIST_FILE = RunTime/Info.plist;
				IPHONEOS_DEPLOYMENT_TARGET = 7.0;
				LD_RUNPATH_SEARCH_PATHS = "$(inherited) @executable_path/Frameworks";
				PRODUCT_BUNDLE_IDENTIFIER = zhanglt.RunTime;
				PRODUCT_NAME = "$(TARGET_NAME)";
				SWIFT_OBJC_BRIDGING_HEADER = "RunTime/Views/RunTime-Bridging-Header.h";
				SWIFT_OPTIMIZATION_LEVEL = "-Onone";
			};
			name = Debug;
		};
		408BACEC1CC5D6F900F9826F /* Release */ = {
			isa = XCBuildConfiguration;
			buildSettings = {
				ASSETCATALOG_COMPILER_APPICON_NAME = AppIcon;
				CLANG_ENABLE_MODULES = YES;
				INFOPLIST_FILE = RunTime/Info.plist;
				IPHONEOS_DEPLOYMENT_TARGET = 7.0;
				LD_RUNPATH_SEARCH_PATHS = "$(inherited) @executable_path/Frameworks";
				PRODUCT_BUNDLE_IDENTIFIER = zhanglt.RunTime;
				PRODUCT_NAME = "$(TARGET_NAME)";
				SWIFT_OBJC_BRIDGING_HEADER = "RunTime/Views/RunTime-Bridging-Header.h";
			};
			name = Release;
		};
/* End XCBuildConfiguration section */

/* Begin XCConfigurationList section */
		408BACCE1CC5D6F900F9826F /* Build configuration list for PBXProject "RunTime" */ = {
			isa = XCConfigurationList;
			buildConfigurations = (
				408BACE81CC5D6F900F9826F /* Debug */,
				408BACE91CC5D6F900F9826F /* Release */,
			);
			defaultConfigurationIsVisible = 0;
			defaultConfigurationName = Release;
		};
		408BACEA1CC5D6F900F9826F /* Build configuration list for PBXNativeTarget "RunTime" */ = {
			isa = XCConfigurationList;
			buildConfigurations = (
				408BACEB1CC5D6F900F9826F /* Debug */,
				408BACEC1CC5D6F900F9826F /* Release */,
			);
			defaultConfigurationIsVisible = 0;
			defaultConfigurationName = Release;
		};
/* End XCConfigurationList section */
	};
	rootObject = 408BACCB1CC5D6F900F9826F /* Project object */;
}
